
Microsoft Visual Studio Solution File, Format Version 12.00
# Visual Studio Version 17
VisualStudioVersion = 17.10.35122.118
MinimumVisualStudioVersion = 10.0.40219.1
Project("{FAE04EC0-301F-11D3-BF4B-00C04F79EFBC}") = "FindWeather", "FindWeather\FindWeather.csproj", "{A094CB6D-DD7A-49BB-AD26-205680873524}"
EndProject
Global
	GlobalSection(SolutionConfigurationPlatforms) = preSolution
		Debug|Any CPU = Debug|Any CPU
		Release|Any CPU = Release|Any CPU
	EndGlobalSection
	GlobalSection(ProjectConfigurationPlatforms) = postSolution
		{A094CB6D-DD7A-49BB-AD26-205680873524}.Debug|Any CPU.ActiveCfg = Debug|Any CPU
		{A094CB6D-DD7A-49BB-AD26-205680873524}.Debug|Any CPU.Build.0 = Debug|Any CPU
		{A094CB6D-DD7A-49BB-AD26-205680873524}.Release|Any CPU.ActiveCfg = Release|Any CPU
		{A094CB6D-DD7A-49BB-AD26-205680873524}.Release|Any CPU.Build.0 = Release|Any CPU
	EndGlobalSection
	GlobalSection(SolutionProperties) = preSolution
		HideSolutionNode = FALSE
	EndGlobalSection
	GlobalSection(ExtensibilityGlobals) = postSolution
		SolutionGuid = {397BF7C7-1253-452C-A2C0-A421FD468638}
	EndGlobalSection
EndGlobal
